<Solution>
  <Folder Name="/src/">
    <Project Path="src/MuClient.Core/MuClient.Core.csproj" />
    <Project Path="src/MuClient.Graphics/MuClient.Graphics.csproj" />
    <Project Path="src/MuClient.Scripting/MuClient.Scripting.csproj" />
    <Project Path="src/MuClient.Tui/MuClient.Tui.csproj" />
    <Project Path="src/MuClient.Web/MuClient.Web.csproj" />
  </Folder>
  <Folder Name="/tests/">
    <Project Path="tests/MuClient.Core.Tests/MuClient.Core.Tests.csproj" />
    <Project Path="tests/MuClient.Graphics.Tests/MuClient.Graphics.Tests.csproj" />
    <Project Path="tests/MuClient.Scripting.Tests/MuClient.Scripting.Tests.csproj" />
    <Project Path="tests/MuClient.Tui.Tests/MuClient.Tui.Tests.csproj" />
    <Project Path="tests/MuClient.Web.Tests/MuClient.Web.Tests.csproj" />
  </Folder>
</Solution>
